
Microsoft Visual Studio Solution File, Format Version 12.00
# Visual Studio 14
VisualStudioVersion = 14.0.25420.1
MinimumVisualStudioVersion = 10.0.40219.1
Project("{FAE04EC0-301F-11D3-BF4B-00C04F79EFBC}") = "SleepingBarber", "SleepingBarber.csproj", "{2792C5CA-9A99-421B-B395-9BDED0121C31}"
EndProject
Project("{FAE04EC0-301F-11D3-BF4B-00C04F79EFBC}") = "SleepingBarber.Tests", "..\SleepingBarber.Tests\SleepingBarber.Tests.csproj", "{349AD62C-DD7E-4B17-A0E5-FF7DF153A7C3}"
EndProject
Project("{FAE04EC0-301F-11D3-BF4B-00C04F79EFBC}") = "SleepingBarber.Demo.Console", "..\SleepingBarber.Demo.Console\SleepingBarber.Demo.Console.csproj", "{C789419B-E13D-4439-9845-B81ED0EECC93}"
EndProject
Project("{FAE04EC0-301F-11D3-BF4B-00C04F79EFBC}") = "SleepingBarber.Demo.Web", "..\SleepingBarber.Demo.Web\SleepingBarber.Demo.Web.csproj", "{C9108BE9-67EC-467F-A677-EE9E7D06C1D0}"
EndProject
Project("{FAE04EC0-301F-11D3-BF4B-00C04F79EFBC}") = "SleepingBarber.Persistance.RavenDB", "..\SleepingBarber.Persistance.RavenDB\SleepingBarber.Persistance.RavenDB.csproj", "{06922117-FEBB-4305-9581-0F7CA6FC7B3D}"
EndProject
Project("{FAE04EC0-301F-11D3-BF4B-00C04F79EFBC}") = "SleepingBarber.Demo.PersistanceConsole", "SleepingBarber.Demo.PersistanceConsole\SleepingBarber.Demo.PersistanceConsole.csproj", "{BE31E589-5609-4596-9C9B-77B0BD09278B}"
EndProject
Project("{FAE04EC0-301F-11D3-BF4B-00C04F79EFBC}") = "SleepingBarber.Logging.RavenDB", "SleepingBarber.Logging.RavenDB\SleepingBarber.Logging.RavenDB.csproj", "{C82708E3-E5BA-407C-8486-F6442C06561B}"
EndProject
Global
	GlobalSection(SolutionConfigurationPlatforms) = preSolution
		Debug|Any CPU = Debug|Any CPU
		Release|Any CPU = Release|Any CPU
	EndGlobalSection
	GlobalSection(ProjectConfigurationPlatforms) = postSolution
		{2792C5CA-9A99-421B-B395-9BDED0121C31}.Debug|Any CPU.ActiveCfg = Debug|Any CPU
		{2792C5CA-9A99-421B-B395-9BDED0121C31}.Debug|Any CPU.Build.0 = Debug|Any CPU
		{2792C5CA-9A99-421B-B395-9BDED0121C31}.Release|Any CPU.ActiveCfg = Release|Any CPU
		{2792C5CA-9A99-421B-B395-9BDED0121C31}.Release|Any CPU.Build.0 = Release|Any CPU
		{349AD62C-DD7E-4B17-A0E5-FF7DF153A7C3}.Debug|Any CPU.ActiveCfg = Debug|Any CPU
		{349AD62C-DD7E-4B17-A0E5-FF7DF153A7C3}.Debug|Any CPU.Build.0 = Debug|Any CPU
		{349AD62C-DD7E-4B17-A0E5-FF7DF153A7C3}.Release|Any CPU.ActiveCfg = Release|Any CPU
		{349AD62C-DD7E-4B17-A0E5-FF7DF153A7C3}.Release|Any CPU.Build.0 = Release|Any CPU
		{C789419B-E13D-4439-9845-B81ED0EECC93}.Debug|Any CPU.ActiveCfg = Debug|Any CPU
		{C789419B-E13D-4439-9845-B81ED0EECC93}.Debug|Any CPU.Build.0 = Debug|Any CPU
		{C789419B-E13D-4439-9845-B81ED0EECC93}.Release|Any CPU.ActiveCfg = Release|Any CPU
		{C789419B-E13D-4439-9845-B81ED0EECC93}.Release|Any CPU.Build.0 = Release|Any CPU
		{C9108BE9-67EC-467F-A677-EE9E7D06C1D0}.Debug|Any CPU.ActiveCfg = Debug|Any CPU
		{C9108BE9-67EC-467F-A677-EE9E7D06C1D0}.Debug|Any CPU.Build.0 = Debug|Any CPU
		{C9108BE9-67EC-467F-A677-EE9E7D06C1D0}.Release|Any CPU.ActiveCfg = Release|Any CPU
		{C9108BE9-67EC-467F-A677-EE9E7D06C1D0}.Release|Any CPU.Build.0 = Release|Any CPU
		{06922117-FEBB-4305-9581-0F7CA6FC7B3D}.Debug|Any CPU.ActiveCfg = Debug|Any CPU
		{06922117-FEBB-4305-9581-0F7CA6FC7B3D}.Debug|Any CPU.Build.0 = Debug|Any CPU
		{06922117-FEBB-4305-9581-0F7CA6FC7B3D}.Release|Any CPU.ActiveCfg = Release|Any CPU
		{06922117-FEBB-4305-9581-0F7CA6FC7B3D}.Release|Any CPU.Build.0 = Release|Any CPU
		{BE31E589-5609-4596-9C9B-77B0BD09278B}.Debug|Any CPU.ActiveCfg = Debug|Any CPU
		{BE31E589-5609-4596-9C9B-77B0BD09278B}.Debug|Any CPU.Build.0 = Debug|Any CPU
		{BE31E589-5609-4596-9C9B-77B0BD09278B}.Release|Any CPU.ActiveCfg = Release|Any CPU
		{BE31E589-5609-4596-9C9B-77B0BD09278B}.Release|Any CPU.Build.0 = Release|Any CPU
		{C82708E3-E5BA-407C-8486-F6442C06561B}.Debug|Any CPU.ActiveCfg = Debug|Any CPU
		{C82708E3-E5BA-407C-8486-F6442C06561B}.Debug|Any CPU.Build.0 = Debug|Any CPU
		{C82708E3-E5BA-407C-8486-F6442C06561B}.Release|Any CPU.ActiveCfg = Release|Any CPU
		{C82708E3-E5BA-407C-8486-F6442C06561B}.Release|Any CPU.Build.0 = Release|Any CPU
	EndGlobalSection
	GlobalSection(SolutionProperties) = preSolution
		HideSolutionNode = FALSE
	EndGlobalSection
EndGlobal
